
Microsoft Visual Studio Solution File, Format Version 12.00
# Visual Studio Version 17
VisualStudioVersion = 17.5.002.0
MinimumVisualStudioVersion = 10.0.40219.1
Project("{2150E333-8FDC-42A3-9474-1A3956D46DE8}") = "backend", "backend", "{8C53AB40-6303-4FC6-9B8C-C2012E28E0D0}"
EndProject
Project("{9A19103F-16F7-4668-BE54-9A1E7A4F7556}") = "api", "backend\api\api.csproj", "{8EF38613-26C4-4C08-92E8-C99EE0A30AC2}"
EndProject
Global
	GlobalSection(SolutionConfigurationPlatforms) = preSolution
		Debug|Any CPU = Debug|Any CPU
		Release|Any CPU = Release|Any CPU
	EndGlobalSection
	GlobalSection(ProjectConfigurationPlatforms) = postSolution
		{8EF38613-26C4-4C08-92E8-C99EE0A30AC2}.Debug|Any CPU.ActiveCfg = Debug|Any CPU
		{8EF38613-26C4-4C08-92E8-C99EE0A30AC2}.Debug|Any CPU.Build.0 = Debug|Any CPU
		{8EF38613-26C4-4C08-92E8-C99EE0A30AC2}.Release|Any CPU.ActiveCfg = Release|Any CPU
		{8EF38613-26C4-4C08-92E8-C99EE0A30AC2}.Release|Any CPU.Build.0 = Release|Any CPU
	EndGlobalSection
	GlobalSection(SolutionProperties) = preSolution
		HideSolutionNode = FALSE
	EndGlobalSection
	GlobalSection(NestedProjects) = preSolution
		{8EF38613-26C4-4C08-92E8-C99EE0A30AC2} = {8C53AB40-6303-4FC6-9B8C-C2012E28E0D0}
	EndGlobalSection
	GlobalSection(ExtensibilityGlobals) = postSolution
		SolutionGuid = {0CA2EFA7-5AC3-4DDB-B51C-63E67D2E1B88}
	EndGlobalSection
EndGlobal
